// !$*UTF8*$!
{
	archiveVersion = 1;
	classes = {
	};
	objectVersion = 46;
	objects = {

/* Begin PBXBuildFile section */
		824A4DD71EF623920007A33E /* ChatViewController.swift in Sources */ = {isa = PBXBuildFile; fileRef = 824A4DD61EF623920007A33E /* ChatViewController.swift */; };
		824A4DD91EF626E60007A33E /* RTCEAGLVideoView.swift in Sources */ = {isa = PBXBuildFile; fileRef = 824A4DD81EF626E60007A33E /* RTCEAGLVideoView.swift */; };
		824A4DDB1EF627850007A33E /* RTCCameraPreviewView.swift in Sources */ = {isa = PBXBuildFile; fileRef = 824A4DDA1EF627850007A33E /* RTCCameraPreviewView.swift */; };
		8294816A1EF5F829006C8E5F /* AppDelegate.swift in Sources */ = {isa = PBXBuildFile; fileRef = 829481691EF5F829006C8E5F /* AppDelegate.swift */; };
		8294816C1EF5F829006C8E5F /* ViewController.swift in Sources */ = {isa = PBXBuildFile; fileRef = 8294816B1EF5F829006C8E5F /* ViewController.swift */; };
		8294816F1EF5F829006C8E5F /* Main.storyboard in Resources */ = {isa = PBXBuildFile; fileRef = 8294816D1EF5F829006C8E5F /* Main.storyboard */; };
		829481711EF5F829006C8E5F /* Assets.xcassets in Resources */ = {isa = PBXBuildFile; fileRef = 829481701EF5F829006C8E5F /* Assets.xcassets */; };
		829481741EF5F829006C8E5F /* LaunchScreen.storyboard in Resources */ = {isa = PBXBuildFile; fileRef = 829481721EF5F829006C8E5F /* LaunchScreen.storyboard */; };
		C7E9C59672A123B83C7B06EE /* Pods_WebRTCHandsOn.framework in Frameworks */ = {isa = PBXBuildFile; fileRef = 5B1B3C1F548738416ADDF4B6 /* Pods_WebRTCHandsOn.framework */; };
/* End PBXBuildFile section */

/* Begin PBXFileReference section */
		5B1B3C1F548738416ADDF4B6 /* Pods_WebRTCHandsOn.framework */ = {isa = PBXFileReference; explicitFileType = wrapper.framework; includeInIndex = 0; path = Pods_WebRTCHandsOn.framework; sourceTree = BUILT_PRODUCTS_DIR; };
		824A4DD61EF623920007A33E /* ChatViewController.swift */ = {isa = PBXFileReference; fileEncoding = 4; lastKnownFileType = sourcecode.swift; path = ChatViewController.swift; sourceTree = "<group>"; };
		824A4DD81EF626E60007A33E /* RTCEAGLVideoView.swift */ = {isa = PBXFileReference; fileEncoding = 4; lastKnownFileType = sourcecode.swift; path = RTCEAGLVideoView.swift; sourceTree = "<group>"; };
		824A4DDA1EF627850007A33E /* RTCCameraPreviewView.swift */ = {isa = PBXFileReference; fileEncoding = 4; lastKnownFileType = sourcecode.swift; path = RTCCameraPreviewView.swift; sourceTree = "<group>"; };
		829481661EF5F829006C8E5F /* WebRTCHandsOn.app */ = {isa = PBXFileReference; explicitFileType = wrapper.application; includeInIndex = 0; path = WebRTCHandsOn.app; sourceTree = BUILT_PRODUCTS_DIR; };
		829481691EF5F829006C8E5F /* AppDelegate.swift */ = {isa = PBXFileReference; lastKnownFileType = sourcecode.swift; path = AppDelegate.swift; sourceTree = "<group>"; };
		8294816B1EF5F829006C8E5F /* ViewController.swift */ = {isa = PBXFileReference; lastKnownFileType = sourcecode.swift; path = ViewController.swift; sourceTree = "<group>"; };
		8294816E1EF5F829006C8E5F /* Base */ = {isa = PBXFileReference; lastKnownFileType = file.storyboard; name = Base; path = Base.lproj/Main.storyboard; sourceTree = "<group>"; };
		829481701EF5F829006C8E5F /* Assets.xcassets */ = {isa = PBXFileReference; lastKnownFileType = folder.assetcatalog; path = Assets.xcassets; sourceTree = "<group>"; };
		829481731EF5F829006C8E5F /* Base */ = {isa = PBXFileReference; lastKnownFileType = file.storyboard; name = Base; path = Base.lproj/LaunchScreen.storyboard; sourceTree = "<group>"; };
		829481751EF5F829006C8E5F /* Info.plist */ = {isa = PBXFileReference; lastKnownFileType = text.plist.xml; path = Info.plist; sourceTree = "<group>"; };
		8DFCDEAAB491F6F70E02468E /* Pods-WebRTCHandsOn.debug.xcconfig */ = {isa = PBXFileReference; includeInIndex = 1; lastKnownFileType = text.xcconfig; name = "Pods-WebRTCHandsOn.debug.xcconfig"; path = "Pods/Target Support Files/Pods-WebRTCHandsOn/Pods-WebRTCHandsOn.debug.xcconfig"; sourceTree = "<group>"; };
		BE71721AF6744DC33FADE6D8 /* Pods-WebRTCHandsOn.release.xcconfig */ = {isa = PBXFileReference; includeInIndex = 1; lastKnownFileType = text.xcconfig; name = "Pods-WebRTCHandsOn.release.xcconfig"; path = "Pods/Target Support Files/Pods-WebRTCHandsOn/Pods-WebRTCHandsOn.release.xcconfig"; sourceTree = "<group>"; };
/* End PBXFileReference section */

/* Begin PBXFrameworksBuildPhase section */
		829481631EF5F829006C8E5F /* Frameworks */ = {
			isa = PBXFrameworksBuildPhase;
			buildActionMask = 2147483647;
			files = (
				C7E9C59672A123B83C7B06EE /* Pods_WebRTCHandsOn.framework in Frameworks */,
			);
			runOnlyForDeploymentPostprocessing = 0;
		};
/* End PBXFrameworksBuildPhase section */

/* Begin PBXGroup section */
		1E9FA48524455B1399517D62 /* Pods */ = {
			isa = PBXGroup;
			children = (
				8DFCDEAAB491F6F70E02468E /* Pods-WebRTCHandsOn.debug.xcconfig */,
				BE71721AF6744DC33FADE6D8 /* Pods-WebRTCHandsOn.release.xcconfig */,
			);
			name = Pods;
			sourceTree = "<group>";
		};
		8294815D1EF5F829006C8E5F = {
			isa = PBXGroup;
			children = (
				829481681EF5F829006C8E5F /* WebRTCHandsOn */,
				829481671EF5F829006C8E5F /* Products */,
				1E9FA48524455B1399517D62 /* Pods */,
				FD3040359BD681DDE790E8C3 /* Frameworks */,
			);
			sourceTree = "<group>";
		};
		829481671EF5F829006C8E5F /* Products */ = {
			isa = PBXGroup;
			children = (
				829481661EF5F829006C8E5F /* WebRTCHandsOn.app */,
			);
			name = Products;
			sourceTree = "<group>";
		};
		829481681EF5F829006C8E5F /* WebRTCHandsOn */ = {
			isa = PBXGroup;
			children = (
				829481691EF5F829006C8E5F /* AppDelegate.swift */,
				8294816B1EF5F829006C8E5F /* ViewController.swift */,
				8294816D1EF5F829006C8E5F /* Main.storyboard */,
				829481701EF5F829006C8E5F /* Assets.xcassets */,
				829481721EF5F829006C8E5F /* LaunchScreen.storyboard */,
				829481751EF5F829006C8E5F /* Info.plist */,
				824A4DD61EF623920007A33E /* ChatViewController.swift */,
				824A4DD81EF626E60007A33E /* RTCEAGLVideoView.swift */,
				824A4DDA1EF627850007A33E /* RTCCameraPreviewView.swift */,
			);
			path = WebRTCHandsOn;
			sourceTree = "<group>";
		};
		FD3040359BD681DDE790E8C3 /* Frameworks */ = {
			isa = PBXGroup;
			children = (
				5B1B3C1F548738416ADDF4B6 /* Pods_WebRTCHandsOn.framework */,
			);
			name = Frameworks;
			sourceTree = "<group>";
		};
/* End PBXGroup section */

/* Begin PBXNativeTarget section */
		829481651EF5F829006C8E5F /* WebRTCHandsOn */ = {
			isa = PBXNativeTarget;
			buildConfigurationList = 829481781EF5F829006C8E5F /* Build configuration list for PBXNativeTarget "WebRTCHandsOn" */;
			buildPhases = (
				FAE64806ADAF0435B49B68AA /* [CP] Check Pods Manifest.lock */,
				829481621EF5F829006C8E5F /* Sources */,
				829481631EF5F829006C8E5F /* Frameworks */,
				829481641EF5F829006C8E5F /* Resources */,
				FD319AC72923B9FE1F261452 /* [CP] Embed Pods Frameworks */,
				29519757667D55D3178C9552 /* [CP] Copy Pods Resources */,
			);
			buildRules = (
			);
			dependencies = (
			);
			name = WebRTCHandsOn;
			productName = WebRTCHandsOn;
			productReference = 829481661EF5F829006C8E5F /* WebRTCHandsOn.app */;
			productType = "com.apple.product-type.application";
		};
/* End PBXNativeTarget section */

/* Begin PBXProject section */
		8294815E1EF5F829006C8E5F /* Project object */ = {
			isa = PBXProject;
			attributes = {
				LastSwiftUpdateCheck = 0830;
				LastUpgradeCheck = 0830;
				ORGANIZATIONNAME = "Koichiro Oishi";
				TargetAttributes = {
					829481651EF5F829006C8E5F = {
						CreatedOnToolsVersion = 8.3.3;
						DevelopmentTeam = 234G69CT2G;
						ProvisioningStyle = Automatic;
					};
				};
			};
			buildConfigurationList = 829481611EF5F829006C8E5F /* Build configuration list for PBXProject "WebRTCHandsOn" */;
			compatibilityVersion = "Xcode 3.2";
			developmentRegion = English;
			hasScannedForEncodings = 0;
			knownRegions = (
				en,
				Base,
			);
			mainGroup = 8294815D1EF5F829006C8E5F;
			productRefGroup = 829481671EF5F829006C8E5F /* Products */;
			projectDirPath = "";
			projectRoot = "";
			targets = (
				829481651EF5F829006C8E5F /* WebRTCHandsOn */,
			);
		};
/* End PBXProject section */

/* Begin PBXResourcesBuildPhase section */
		829481641EF5F829006C8E5F /* Resources */ = {
			isa = PBXResourcesBuildPhase;
			buildActionMask = 2147483647;
			files = (
				829481741EF5F829006C8E5F /* LaunchScreen.storyboard in Resources */,
				829481711EF5F829006C8E5F /* Assets.xcassets in Resources */,
				8294816F1EF5F829006C8E5F /* Main.storyboard in Resources */,
			);
			runOnlyForDeploymentPostprocessing = 0;
		};
/* End PBXResourcesBuildPhase section */

/* Begin PBXShellScriptBuildPhase section */
		29519757667D55D3178C9552 /* [CP] Copy Pods Resources */ = {
			isa = PBXShellScriptBuildPhase;
			buildActionMask = 2147483647;
			files = (
			);
			inputPaths = (
			);
			name = "[CP] Copy Pods Resources";
			outputPaths = (
			);
			runOnlyForDeploymentPostprocessing = 0;
			shellPath = /bin/sh;
			shellScript = "\"${SRCROOT}/Pods/Target Support Files/Pods-WebRTCHandsOn/Pods-WebRTCHandsOn-resources.sh\"\n";
			showEnvVarsInLog = 0;
		};
		FAE64806ADAF0435B49B68AA /* [CP] Check Pods Manifest.lock */ = {
			isa = PBXShellScriptBuildPhase;
			buildActionMask = 2147483647;
			files = (
			);
			inputPaths = (
			);
			name = "[CP] Check Pods Manifest.lock";
			outputPaths = (
			);
			runOnlyForDeploymentPostprocessing = 0;
			shellPath = /bin/sh;
			shellScript = "diff \"${PODS_PODFILE_DIR_PATH}/Podfile.lock\" \"${PODS_ROOT}/Manifest.lock\" > /dev/null\nif [ $? != 0 ] ; then\n    # print error to STDERR\n    echo \"error: The sandbox is not in sync with the Podfile.lock. Run 'pod install' or update your CocoaPods installation.\" >&2\n    exit 1\nfi\n";
			showEnvVarsInLog = 0;
		};
		FD319AC72923B9FE1F261452 /* [CP] Embed Pods Frameworks */ = {
			isa = PBXShellScriptBuildPhase;
			buildActionMask = 2147483647;
			files = (
			);
			inputPaths = (
			);
			name = "[CP] Embed Pods Frameworks";
			outputPaths = (
			);
			runOnlyForDeploymentPostprocessing = 0;
			shellPath = /bin/sh;
			shellScript = "\"${SRCROOT}/Pods/Target Support Files/Pods-WebRTCHandsOn/Pods-WebRTCHandsOn-frameworks.sh\"\n";
			showEnvVarsInLog = 0;
		};
/* End PBXShellScriptBuildPhase section */

/* Begin PBXSourcesBuildPhase section */
		829481621EF5F829006C8E5F /* Sources */ = {
			isa = PBXSourcesBuildPhase;
			buildActionMask = 2147483647;
			files = (
				8294816C1EF5F829006C8E5F /* ViewController.swift in Sources */,
				824A4DD91EF626E60007A33E /* RTCEAGLVideoView.swift in Sources */,
				824A4DDB1EF627850007A33E /* RTCCameraPreviewView.swift in Sources */,
				824A4DD71EF623920007A33E /* ChatViewController.swift in Sources */,
				8294816A1EF5F829006C8E5F /* AppDelegate.swift in Sources */,
			);
			runOnlyForDeploymentPostprocessing = 0;
		};
/* End PBXSourcesBuildPhase section */

/* Begin PBXVariantGroup section */
		8294816D1EF5F829006C8E5F /* Main.storyboard */ = {
			isa = PBXVariantGroup;
			children = (
				8294816E1EF5F829006C8E5F /* Base */,
			);
			name = Main.storyboard;
			sourceTree = "<group>";
		};
		829481721EF5F829006C8E5F /* LaunchScreen.storyboard */ = {
			isa = PBXVariantGroup;
			children = (
				829481731EF5F829006C8E5F /* Base */,
			);
			name = LaunchScreen.storyboard;
			sourceTree = "<group>";
		};
/* End PBXVariantGroup section */

/* Begin XCBuildConfiguration section */
		829481761EF5F829006C8E5F /* Debug */ = {
			isa = XCBuildConfiguration;
			buildSettings = {
				ALWAYS_SEARCH_USER_PATHS = NO;
				CLANG_ANALYZER_NONNULL = YES;
				CLANG_ANALYZER_NUMBER_OBJECT_CONVERSION = YES_AGGRESSIVE;
				CLANG_CXX_LANGUAGE_STANDARD = "gnu++0x";
				CLANG_CXX_LIBRARY = "libc++";
				CLANG_ENABLE_MODULES = YES;
				CLANG_ENABLE_OBJC_ARC = YES;
				CLANG_WARN_BOOL_CONVERSION = YES;
				CLANG_WARN_CONSTANT_CONVERSION = YES;
				CLANG_WARN_DIRECT_OBJC_ISA_USAGE = YES_ERROR;
				CLANG_WARN_DOCUMENTATION_COMMENTS = YES;
				CLANG_WARN_EMPTY_BODY = YES;
				CLANG_WARN_ENUM_CONVERSION = YES;
				CLANG_WARN_INFINITE_RECURSION = YES;
				CLANG_WARN_INT_CONVERSION = YES;
				CLANG_WARN_OBJC_ROOT_CLASS = YES_ERROR;
				CLANG_WARN_SUSPICIOUS_MOVE = YES;
				CLANG_WARN_UNREACHABLE_CODE = YES;
				CLANG_WARN__DUPLICATE_METHOD_MATCH = YES;
				"CODE_SIGN_IDENTITY[sdk=iphoneos*]" = "iPhone Developer";
				COPY_PHASE_STRIP = NO;
				DEBUG_INFORMATION_FORMAT = dwarf;
				ENABLE_BITCODE = NO;
				ENABLE_STRICT_OBJC_MSGSEND = YES;
				ENABLE_TESTABILITY = YES;
				GCC_C_LANGUAGE_STANDARD = gnu99;
				GCC_DYNAMIC_NO_PIC = NO;
				GCC_NO_COMMON_BLOCKS = YES;
				GCC_OPTIMIZATION_LEVEL = 0;
				GCC_PREPROCESSOR_DEFINITIONS = (
					"DEBUG=1",
					"$(inherited)",
				);
				GCC_WARN_64_TO_32_BIT_CONVERSION = YES;
				GCC_WARN_ABOUT_RETURN_TYPE = YES_ERROR;
				GCC_WARN_UNDECLARED_SELECTOR = YES;
				GCC_WARN_UNINITIALIZED_AUTOS = YES_AGGRESSIVE;
				GCC_WARN_UNUSED_FUNCTION = YES;
				GCC_WARN_UNUSED_VARIABLE = YES;
				IPHONEOS_DEPLOYMENT_TARGET = 10.0;
				MTL_ENABLE_DEBUG_INFO = YES;
				ONLY_ACTIVE_ARCH = YES;
				SDKROOT = iphoneos;
				SWIFT_ACTIVE_COMPILATION_CONDITIONS = DEBUG;
				SWIFT_OPTIMIZATION_LEVEL = "-Onone";
				TARGETED_DEVICE_FAMILY = "1,2";
			};
			name = Debug;
		};
		829481771EF5F829006C8E5F /* Release */ = {
			isa = XCBuildConfiguration;
			buildSettings = {
				ALWAYS_SEARCH_USER_PATHS = NO;
				CLANG_ANALYZER_NONNULL = YES;
				CLANG_ANALYZER_NUMBER_OBJECT_CONVERSION = YES_AGGRESSIVE;
				CLANG_CXX_LANGUAGE_STANDARD = "gnu++0x";
				CLANG_CXX_LIBRARY = "libc++";
				CLANG_ENABLE_MODULES = YES;
				CLANG_ENABLE_OBJC_ARC = YES;
				CLANG_WARN_BOOL_CONVERSION = YES;
				CLANG_WARN_CONSTANT_CONVERSION = YES;
				CLANG_WARN_DIRECT_OBJC_ISA_USAGE = YES_ERROR;
				CLANG_WARN_DOCUMENTATION_COMMENTS = YES;
				CLANG_WARN_EMPTY_BODY = YES;
				CLANG_WARN_ENUM_CONVERSION = YES;
				CLANG_WARN_INFINITE_RECURSION = YES;
				CLANG_WARN_INT_CONVERSION = YES;
				CLANG_WARN_OBJC_ROOT_CLASS = YES_ERROR;
				CLANG_WARN_SUSPICIOUS_MOVE = YES;
				CLANG_WARN_UNREACHABLE_CODE = YES;
				CLANG_WARN__DUPLICATE_METHOD_MATCH = YES;
				"CODE_SIGN_IDENTITY[sdk=iphoneos*]" = "iPhone Developer";
				COPY_PHASE_STRIP = NO;
				DEBUG_INFORMATION_FORMAT = "dwarf-with-dsym";
				ENABLE_BITCODE = NO;
				ENABLE_NS_ASSERTIONS = NO;
				ENABLE_STRICT_OBJC_MSGSEND = YES;
				GCC_C_LANGUAGE_STANDARD = gnu99;
				GCC_NO_COMMON_BLOCKS = YES;
				GCC_WARN_64_TO_32_BIT_CONVERSION = YES;
				GCC_WARN_ABOUT_RETURN_TYPE = YES_ERROR;
				GCC_WARN_UNDECLARED_SELECTOR = YES;
				GCC_WARN_UNINITIALIZED_AUTOS = YES_AGGRESSIVE;
				GCC_WARN_UNUSED_FUNCTION = YES;
				GCC_WARN_UNUSED_VARIABLE = YES;
				IPHONEOS_DEPLOYMENT_TARGET = 10.0;
				MTL_ENABLE_DEBUG_INFO = NO;
				SDKROOT = iphoneos;
				SWIFT_OPTIMIZATION_LEVEL = "-Owholemodule";
				TARGETED_DEVICE_FAMILY = "1,2";
				VALIDATE_PRODUCT = YES;
			};
			name = Release;
		};
		829481791EF5F829006C8E5F /* Debug */ = {
			isa = XCBuildConfiguration;
			baseConfigurationReference = 8DFCDEAAB491F6F70E02468E /* Pods-WebRTCHandsOn.debug.xcconfig */;
			buildSettings = {
				ASSETCATALOG_COMPILER_APPICON_NAME = AppIcon;
				DEVELOPMENT_TEAM = 234G69CT2G;
				INFOPLIST_FILE = WebRTCHandsOn/Info.plist;
				LD_RUNPATH_SEARCH_PATHS = "$(inherited) @executable_path/Frameworks";
				PRODUCT_BUNDLE_IDENTIFIER = cc.jugem.meg.WebRTCHandsOn;
				PRODUCT_NAME = "$(TARGET_NAME)";
				SWIFT_VERSION = 3.0;
			};
			name = Debug;
		};
		8294817A1EF5F829006C8E5F /* Release */ = {
			isa = XCBuildConfiguration;
			baseConfigurationReference = BE71721AF6744DC33FADE6D8 /* Pods-WebRTCHandsOn.release.xcconfig */;
			buildSettings = {
				ASSETCATALOG_COMPILER_APPICON_NAME = AppIcon;
				DEVELOPMENT_TEAM = 234G69CT2G;
				INFOPLIST_FILE = WebRTCHandsOn/Info.plist;
				LD_RUNPATH_SEARCH_PATHS = "$(inherited) @executable_path/Frameworks";
				PRODUCT_BUNDLE_IDENTIFIER = cc.jugem.meg.WebRTCHandsOn;
				PRODUCT_NAME = "$(TARGET_NAME)";
				SWIFT_VERSION = 3.0;
			};
			name = Release;
		};
/* End XCBuildConfiguration section */

/* Begin XCConfigurationList section */
		829481611EF5F829006C8E5F /* Build configuration list for PBXProject "WebRTCHandsOn" */ = {
			isa = XCConfigurationList;
			buildConfigurations = (
				829481761EF5F829006C8E5F /* Debug */,
				829481771EF5F829006C8E5F /* Release */,
			);
			defaultConfigurationIsVisible = 0;
			defaultConfigurationName = Release;
		};
		829481781EF5F829006C8E5F /* Build configuration list for PBXNativeTarget "WebRTCHandsOn" */ = {
			isa = XCConfigurationList;
			buildConfigurations = (
				829481791EF5F829006C8E5F /* Debug */,
				8294817A1EF5F829006C8E5F /* Release */,
			);
			defaultConfigurationIsVisible = 0;
			defaultConfigurationName = Release;
		};
/* End XCConfigurationList section */
	};
	rootObject = 8294815E1EF5F829006C8E5F /* Project object */;
}
